
Microsoft Visual Studio Solution File, Format Version 12.00
# Visual Studio 15
VisualStudioVersion = 15.0.27703.2035
MinimumVisualStudioVersion = 10.0.40219.1
Project("{FAE04EC0-301F-11D3-BF4B-00C04F79EFBC}") = "cobOpus", "cobOpus\cobOpus.csproj", "{A8BDC87B-C171-4A81-AD3D-86F80D3E5366}"
EndProject
Global
	GlobalSection(SolutionConfigurationPlatforms) = preSolution
		Debug|Any CPU = Debug|Any CPU
		Release|Any CPU = Release|Any CPU
	EndGlobalSection
	GlobalSection(ProjectConfigurationPlatforms) = postSolution
		{A8BDC87B-C171-4A81-AD3D-86F80D3E5366}.Debug|Any CPU.ActiveCfg = Debug|Any CPU
		{A8BDC87B-C171-4A81-AD3D-86F80D3E5366}.Debug|Any CPU.Build.0 = Debug|Any CPU
		{A8BDC87B-C171-4A81-AD3D-86F80D3E5366}.Release|Any CPU.ActiveCfg = Release|Any CPU
		{A8BDC87B-C171-4A81-AD3D-86F80D3E5366}.Release|Any CPU.Build.0 = Release|Any CPU
	EndGlobalSection
	GlobalSection(SolutionProperties) = preSolution
		HideSolutionNode = FALSE
	EndGlobalSection
	GlobalSection(ExtensibilityGlobals) = postSolution
		SolutionGuid = {55762CDE-7BB2-41FD-964F-B9C7F2F91860}
	EndGlobalSection
EndGlobal
